
Microsoft Visual Studio Solution File, Format Version 12.00
# Visual Studio Version 16
VisualStudioVersion = 16.0.31911.196
MinimumVisualStudioVersion = 10.0.40219.1
Project("{FAE04EC0-301F-11D3-BF4B-00C04F79EFBC}") = "Recordsv2", "Recordsv2\Recordsv2.csproj", "{F68FBCCF-45E9-42F9-A28D-80529910B997}"
EndProject
Project("{FAE04EC0-301F-11D3-BF4B-00C04F79EFBC}") = "Recordsv2Tests", "Recordsv2Tests\Recordsv2Tests.csproj", "{157382E8-C60E-4DB4-81CD-4D1BE9E38657}"
EndProject
Global
	GlobalSection(SolutionConfigurationPlatforms) = preSolution
		Debug|Any CPU = Debug|Any CPU
		Release|Any CPU = Release|Any CPU
	EndGlobalSection
	GlobalSection(ProjectConfigurationPlatforms) = postSolution
		{F68FBCCF-45E9-42F9-A28D-80529910B997}.Debug|Any CPU.ActiveCfg = Debug|Any CPU
		{F68FBCCF-45E9-42F9-A28D-80529910B997}.Debug|Any CPU.Build.0 = Debug|Any CPU
		{F68FBCCF-45E9-42F9-A28D-80529910B997}.Release|Any CPU.ActiveCfg = Release|Any CPU
		{F68FBCCF-45E9-42F9-A28D-80529910B997}.Release|Any CPU.Build.0 = Release|Any CPU
		{157382E8-C60E-4DB4-81CD-4D1BE9E38657}.Debug|Any CPU.ActiveCfg = Debug|Any CPU
		{157382E8-C60E-4DB4-81CD-4D1BE9E38657}.Debug|Any CPU.Build.0 = Debug|Any CPU
		{157382E8-C60E-4DB4-81CD-4D1BE9E38657}.Release|Any CPU.ActiveCfg = Release|Any CPU
		{157382E8-C60E-4DB4-81CD-4D1BE9E38657}.Release|Any CPU.Build.0 = Release|Any CPU
	EndGlobalSection
	GlobalSection(SolutionProperties) = preSolution
		HideSolutionNode = FALSE
	EndGlobalSection
	GlobalSection(ExtensibilityGlobals) = postSolution
		SolutionGuid = {DE7A4821-7732-4B13-BE94-5FA06FCDE8F6}
	EndGlobalSection
EndGlobal
